{
  "nodes": {
    "erasure": {
      "locked": {
        "dir": "erasure",
        "lastModified": 1641745337,
        "narHash": "sha256-eAxAx7xJpoywnEclkh/yweK8TILFH0LjaJ0E7wbcefE=",
        "type": "git",
        "url": "file:///home/mbund/nixos-config"
      },
      "original": {
        "dir": "erasure",
        "id": "system",
        "type": "indirect"
      }
    },
    "marshmellow-roaster": {
      "inputs": {
        "erasure": "erasure",
        "nixpkgs": "nixpkgs"
      },
      "locked": {
        "narHash": "sha256-FAmYJKpCRmLasNajh2LgovE9ZL0j66sloecY389j6ns=",
        "path": "/nix/store/29wh9bfzhvwdp8x9yslkpkbjlhshxb3r-source/marshmellow-roaster",
        "type": "path"
      },
      "original": {
        "path": "/nix/store/29wh9bfzhvwdp8x9yslkpkbjlhshxb3r-source/marshmellow-roaster",
        "type": "path"
      }
    },
    "nixpkgs": {
      "locked": {
        "lastModified": 1641671388,
        "narHash": "sha256-aHoO6CpPLJK8hLkPJrpMnCRnj3YbfQZ7HNcXcnI83E0=",
        "owner": "nixos",
        "repo": "nixpkgs",
        "rev": "32356ce11b8cc5cc421b68138ae8c730cc8ad4a2",
        "type": "github"
      },
      "original": {
        "owner": "nixos",
        "ref": "nixpkgs-unstable",
        "repo": "nixpkgs",
        "type": "github"
      }
    },
    "nixpkgs_2": {
      "locked": {
        "lastModified": 1641671388,
        "narHash": "sha256-aHoO6CpPLJK8hLkPJrpMnCRnj3YbfQZ7HNcXcnI83E0=",
        "owner": "nixos",
        "repo": "nixpkgs",
        "rev": "32356ce11b8cc5cc421b68138ae8c730cc8ad4a2",
        "type": "github"
      },
      "original": {
        "owner": "nixos",
        "ref": "nixpkgs-unstable",
        "repo": "nixpkgs",
        "type": "github"
      }
    },
    "root": {
      "inputs": {
        "marshmellow-roaster": "marshmellow-roaster",
        "virtualbox": "virtualbox"
      }
    },
    "virtualbox": {
      "inputs": {
        "nixpkgs": "nixpkgs_2"
      },
      "locked": {
        "narHash": "sha256-mTFgVu8m297F6F+0SvalP+h252KQanSYdrXWV6z7IfM=",
        "path": "/nix/store/29wh9bfzhvwdp8x9yslkpkbjlhshxb3r-source/virtualbox",
        "type": "path"
      },
      "original": {
        "path": "/nix/store/29wh9bfzhvwdp8x9yslkpkbjlhshxb3r-source/virtualbox",
        "type": "path"
      }
    }
  },
  "root": "root",
  "version": 7
}
