{
  "nodes": {
    "erasure": {
      "locked": {
        "dir": "erasure",
        "lastModified": 1641512110,
        "narHash": "sha256-AXWOgmDmZCpeH+WKqV53z6IlJMFaOBRVisTwi2BjWMc=",
        "type": "git",
        "url": "file:///home/mbund/nixos-config"
      },
      "original": {
        "dir": "erasure",
        "id": "system",
        "type": "indirect"
      }
    },
    "marshmellow-roaster": {
      "inputs": {
        "erasure": "erasure",
        "nixpkgs": "nixpkgs"
      },
      "locked": {
        "narHash": "sha256-lHSPmJVv1YdeVwRXIOdvowOnnd4g0U+rFZit36fC29o=",
        "path": "/nix/store/dwdv2vfywfbvpk0xjccaqz4rzx84vr6j-source/marshmellow-roaster",
        "type": "path"
      },
      "original": {
        "path": "/nix/store/dwdv2vfywfbvpk0xjccaqz4rzx84vr6j-source/marshmellow-roaster",
        "type": "path"
      }
    },
    "nixpkgs": {
      "locked": {
        "lastModified": 1641640104,
        "narHash": "sha256-iZf+WJvU4Ppv52n//ACYPOSei1mVO9KRXT/GyTOoRZI=",
        "owner": "nixos",
        "repo": "nixpkgs",
        "rev": "a801c31fa47618d4fd27ee4c15d4c58b5ae60cae",
        "type": "github"
      },
      "original": {
        "owner": "nixos",
        "ref": "nixpkgs-unstable",
        "repo": "nixpkgs",
        "type": "github"
      }
    },
    "nixpkgs_2": {
      "locked": {
        "lastModified": 1641640104,
        "narHash": "sha256-iZf+WJvU4Ppv52n//ACYPOSei1mVO9KRXT/GyTOoRZI=",
        "owner": "nixos",
        "repo": "nixpkgs",
        "rev": "a801c31fa47618d4fd27ee4c15d4c58b5ae60cae",
        "type": "github"
      },
      "original": {
        "owner": "nixos",
        "ref": "nixpkgs-unstable",
        "repo": "nixpkgs",
        "type": "github"
      }
    },
    "root": {
      "inputs": {
        "marshmellow-roaster": "marshmellow-roaster",
        "virtualbox": "virtualbox"
      }
    },
    "virtualbox": {
      "inputs": {
        "nixpkgs": "nixpkgs_2"
      },
      "locked": {
        "narHash": "sha256-mTFgVu8m297F6F+0SvalP+h252KQanSYdrXWV6z7IfM=",
        "path": "/nix/store/dwdv2vfywfbvpk0xjccaqz4rzx84vr6j-source/virtualbox",
        "type": "path"
      },
      "original": {
        "path": "/nix/store/dwdv2vfywfbvpk0xjccaqz4rzx84vr6j-source/virtualbox",
        "type": "path"
      }
    }
  },
  "root": "root",
  "version": 7
}
