{
  "nodes": {
    "nixpkgs": {
      "locked": {
        "lastModified": 1639925673,
        "narHash": "sha256-hR/d0JcT11z6Bi69ipowMtvRye7OymVfDw1/wwVBWnc=",
        "owner": "nixos",
        "repo": "nixpkgs",
        "rev": "c62eb9c6aea5ae8210dd86ff24fa6b51f8872db7",
        "type": "github"
      },
      "original": {
        "owner": "nixos",
        "ref": "nixpkgs-unstable",
        "repo": "nixpkgs",
        "type": "github"
      }
    },
    "root": {
      "inputs": {
        "virtualbox": "virtualbox"
      }
    },
    "virtualbox": {
      "inputs": {
        "nixpkgs": "nixpkgs"
      },
      "locked": {
        "narHash": "sha256-UDvB+Jfq2lXjOggHFarUcItOCXpmGnfenrb2rYsnfWg=",
        "path": "/nix/store/9spzxdn5fcl683crf2h4i4j3ld2xiwwp-source/systems/virtualbox",
        "type": "path"
      },
      "original": {
        "path": "/nix/store/9spzxdn5fcl683crf2h4i4j3ld2xiwwp-source/systems/virtualbox",
        "type": "path"
      }
    }
  },
  "root": "root",
  "version": 7
}
