{
  "nodes": {
    "cli": {
      "inputs": {
        "cmp-npm": "cmp-npm",
        "diagnosticls-configs-nvim": "diagnosticls-configs-nvim",
        "vim-windowswap": "vim-windowswap",
        "zen-mode-nvim": "zen-mode-nvim",
        "zsh-syntax-highlighting": "zsh-syntax-highlighting"
      },
      "locked": {
        "dir": "cli",
        "lastModified": 1644099716,
        "narHash": "sha256-c6esF6AJDm6cN19S1ahi3q7XOgKAFDCyNFyI9LsL1Yc=",
        "owner": "mbund",
        "repo": "nix-home",
        "rev": "04d56645745adf32e349e4e1a749709c81eda2e6",
        "type": "github"
      },
      "original": {
        "dir": "cli",
        "owner": "mbund",
        "repo": "nix-home",
        "type": "github"
      }
    },
    "cmp-npm": {
      "flake": false,
      "locked": {
        "lastModified": 1635350489,
        "narHash": "sha256-QggQ+axMaFcUCt2gfSpsDpM0YlxEkAiDCctzfYtceVI=",
        "owner": "David-Kunz",
        "repo": "cmp-npm",
        "rev": "4b6166c3feeaf8dae162e33ee319dc5880e44a29",
        "type": "github"
      },
      "original": {
        "owner": "David-Kunz",
        "repo": "cmp-npm",
        "type": "github"
      }
    },
    "diagnosticls-configs-nvim": {
      "flake": false,
      "locked": {
        "lastModified": 1642111245,
        "narHash": "sha256-JmLHSLBKUK6ZU/Lz/kTibzn/0vmMTmi5H8UmRdFyWDY=",
        "owner": "creativenull",
        "repo": "diagnosticls-configs-nvim",
        "rev": "e5d3e20f51f7ce3c2d38afd14df9d80d0a665234",
        "type": "github"
      },
      "original": {
        "owner": "creativenull",
        "repo": "diagnosticls-configs-nvim",
        "type": "github"
      }
    },
    "home": {
      "inputs": {
        "cli": "cli",
        "home-manager": "home-manager",
        "nixpkgs": "nixpkgs_2"
      },
      "locked": {
        "dir": "nixos",
        "lastModified": 1644099716,
        "narHash": "sha256-tYfyY7Lic40cMThOcD292KqBl8tPGOnF6QUT8ekfuoE=",
        "type": "git",
        "url": "file:///home/mbund/nix-home?dir=nixos"
      },
      "original": {
        "dir": "nixos",
        "type": "git",
        "url": "file:///home/mbund/nix-home?dir=nixos"
      }
    },
    "home-manager": {
      "inputs": {
        "nixpkgs": "nixpkgs"
      },
      "locked": {
        "lastModified": 1644255659,
        "narHash": "sha256-VuPFOttrBRTOJqPY5yboxVdk1xZjSSlOSDDbBCMKioo=",
        "owner": "nix-community",
        "repo": "home-manager",
        "rev": "1ca6293c8fb1dbe13c48fe518440c288256cd562",
        "type": "github"
      },
      "original": {
        "owner": "nix-community",
        "repo": "home-manager",
        "type": "github"
      }
    },
    "home-manager_2": {
      "inputs": {
        "nixpkgs": "nixpkgs_3"
      },
      "locked": {
        "lastModified": 1644255659,
        "narHash": "sha256-VuPFOttrBRTOJqPY5yboxVdk1xZjSSlOSDDbBCMKioo=",
        "owner": "nix-community",
        "repo": "home-manager",
        "rev": "1ca6293c8fb1dbe13c48fe518440c288256cd562",
        "type": "github"
      },
      "original": {
        "owner": "nix-community",
        "repo": "home-manager",
        "type": "github"
      }
    },
    "nixpkgs": {
      "locked": {
        "lastModified": 1644099022,
        "narHash": "sha256-yShLxHD5NpYTgUdLpP5aRafdhqo0L+B6ZYu+IozTOnw=",
        "owner": "NixOS",
        "repo": "nixpkgs",
        "rev": "d6c7f5045fb235e83c03ad67b3c4798f6636ac9c",
        "type": "github"
      },
      "original": {
        "id": "nixpkgs",
        "type": "indirect"
      }
    },
    "nixpkgs_2": {
      "locked": {
        "lastModified": 1644033087,
        "narHash": "sha256-beskas17YPhrcnanzywake9/z+k+xOWmavW24YUN8ng=",
        "owner": "NixOS",
        "repo": "nixpkgs",
        "rev": "9f697d60e4d9f08eacf549502528bfaed859d33b",
        "type": "github"
      },
      "original": {
        "owner": "NixOS",
        "ref": "nixos-unstable",
        "repo": "nixpkgs",
        "type": "github"
      }
    },
    "nixpkgs_3": {
      "locked": {
        "lastModified": 1644099022,
        "narHash": "sha256-yShLxHD5NpYTgUdLpP5aRafdhqo0L+B6ZYu+IozTOnw=",
        "owner": "NixOS",
        "repo": "nixpkgs",
        "rev": "d6c7f5045fb235e83c03ad67b3c4798f6636ac9c",
        "type": "github"
      },
      "original": {
        "id": "nixpkgs",
        "type": "indirect"
      }
    },
    "nixpkgs_4": {
      "locked": {
        "lastModified": 1644033087,
        "narHash": "sha256-beskas17YPhrcnanzywake9/z+k+xOWmavW24YUN8ng=",
        "owner": "NixOS",
        "repo": "nixpkgs",
        "rev": "9f697d60e4d9f08eacf549502528bfaed859d33b",
        "type": "github"
      },
      "original": {
        "owner": "NixOS",
        "ref": "nixos-unstable",
        "repo": "nixpkgs",
        "type": "github"
      }
    },
    "root": {
      "inputs": {
        "home": "home",
        "home-manager": "home-manager_2",
        "nixpkgs": "nixpkgs_4"
      }
    },
    "vim-windowswap": {
      "flake": false,
      "locked": {
        "lastModified": 1526505087,
        "narHash": "sha256-S1CN0Dbb2BtZx4Jhafac2AltkzV2sPAixSESBXbn7/8=",
        "owner": "wesQ3",
        "repo": "vim-windowswap",
        "rev": "15db3f697aa1fa696d99fcdc920c90cd2cec855e",
        "type": "github"
      },
      "original": {
        "owner": "wesQ3",
        "repo": "vim-windowswap",
        "type": "github"
      }
    },
    "zen-mode-nvim": {
      "flake": false,
      "locked": {
        "lastModified": 1636312798,
        "narHash": "sha256-t+X4ObITdnpvs5olundHES28dS2d/Eoz4snMHrzNs7s=",
        "owner": "folke",
        "repo": "zen-mode.nvim",
        "rev": "f1cc53d32b49cf962fb89a2eb0a31b85bb270f7c",
        "type": "github"
      },
      "original": {
        "owner": "folke",
        "repo": "zen-mode.nvim",
        "type": "github"
      }
    },
    "zsh-syntax-highlighting": {
      "flake": false,
      "locked": {
        "lastModified": 1643622897,
        "narHash": "sha256-Nso9E+yDbjO8F4O8ggukepj4OTpUmOfnPtRArzS1x1Y=",
        "owner": "zsh-users",
        "repo": "zsh-syntax-highlighting",
        "rev": "c10808ad5f3ace0696f900b9c543172bc1f8e27c",
        "type": "github"
      },
      "original": {
        "owner": "zsh-users",
        "repo": "zsh-syntax-highlighting",
        "type": "github"
      }
    }
  },
  "root": "root",
  "version": 7
}
